
Microsoft Visual Studio Solution File, Format Version 12.00
# Visual Studio 15
VisualStudioVersion = 15.0.28307.136
MinimumVisualStudioVersion = 10.0.40219.1
Project("{FAE04EC0-301F-11D3-BF4B-00C04F79EFBC}") = "ValidarAmericanas", "ValidarAmericanas\ValidarAmericanas.csproj", "{A79CF16C-58A2-428E-A5EC-34CC45FC1D6D}"
EndProject
Global
	GlobalSection(SolutionConfigurationPlatforms) = preSolution
		Debug|Any CPU = Debug|Any CPU
		Release|Any CPU = Release|Any CPU
	EndGlobalSection
	GlobalSection(ProjectConfigurationPlatforms) = postSolution
		{A79CF16C-58A2-428E-A5EC-34CC45FC1D6D}.Debug|Any CPU.ActiveCfg = Debug|Any CPU
		{A79CF16C-58A2-428E-A5EC-34CC45FC1D6D}.Debug|Any CPU.Build.0 = Debug|Any CPU
		{A79CF16C-58A2-428E-A5EC-34CC45FC1D6D}.Release|Any CPU.ActiveCfg = Release|Any CPU
		{A79CF16C-58A2-428E-A5EC-34CC45FC1D6D}.Release|Any CPU.Build.0 = Release|Any CPU
	EndGlobalSection
	GlobalSection(SolutionProperties) = preSolution
		HideSolutionNode = FALSE
	EndGlobalSection
	GlobalSection(ExtensibilityGlobals) = postSolution
		SolutionGuid = {69AD7FE0-CADA-4D38-933D-503B8EE4DB24}
	EndGlobalSection
EndGlobal
